
Microsoft Visual Studio Solution File, Format Version 12.00
# Visual Studio 15
VisualStudioVersion = 15.0.28010.2026
MinimumVisualStudioVersion = 10.0.40219.1
Project("{FAE04EC0-301F-11D3-BF4B-00C04F79EFBC}") = "Lands2.Android", "Lands2\Lands2.Android\Lands2.Android.csproj", "{B914F549-DC26-4E86-B909-9F85FD350673}"
EndProject
Project("{FAE04EC0-301F-11D3-BF4B-00C04F79EFBC}") = "Lands2.iOS", "Lands2\Lands2.iOS\Lands2.iOS.csproj", "{D102519A-CDEE-4B1F-82A9-1E29F0A18E59}"
EndProject
Project("{9A19103F-16F7-4668-BE54-9A1E7A4F7556}") = "Lands2", "Lands2\Lands2\Lands2.csproj", "{62787CBC-8D32-4FE1-8FCC-151BD0DC4DC4}"
EndProject
Project("{FAE04EC0-301F-11D3-BF4B-00C04F79EFBC}") = "Lands2.Domain", "Lands2.Domain\Lands2.Domain.csproj", "{8E4D4BA8-1A30-43D9-9950-EF6DF3CB7D82}"
EndProject
Project("{FAE04EC0-301F-11D3-BF4B-00C04F79EFBC}") = "Lands.Backend", "Lands.Backend\Lands.Backend.csproj", "{3881B0DC-F53C-4389-9835-974CB7101556}"
EndProject
Project("{FAE04EC0-301F-11D3-BF4B-00C04F79EFBC}") = "Lands2.API", "Lands2.API\Lands2.API.csproj", "{B1D28FA3-0EC8-48B1-9F66-62A9939317F4}"
EndProject
Global
	GlobalSection(SolutionConfigurationPlatforms) = preSolution
		Ad-Hoc|Any CPU = Ad-Hoc|Any CPU
		Ad-Hoc|iPhone = Ad-Hoc|iPhone
		Ad-Hoc|iPhoneSimulator = Ad-Hoc|iPhoneSimulator
		AppStore|Any CPU = AppStore|Any CPU
		AppStore|iPhone = AppStore|iPhone
		AppStore|iPhoneSimulator = AppStore|iPhoneSimulator
		Debug|Any CPU = Debug|Any CPU
		Debug|iPhone = Debug|iPhone
		Debug|iPhoneSimulator = Debug|iPhoneSimulator
		Release|Any CPU = Release|Any CPU
		Release|iPhone = Release|iPhone
		Release|iPhoneSimulator = Release|iPhoneSimulator
	EndGlobalSection
	GlobalSection(ProjectConfigurationPlatforms) = postSolution
		{B914F549-DC26-4E86-B909-9F85FD350673}.Ad-Hoc|Any CPU.ActiveCfg = Release|Any CPU
		{B914F549-DC26-4E86-B909-9F85FD350673}.Ad-Hoc|Any CPU.Build.0 = Release|Any CPU
		{B914F549-DC26-4E86-B909-9F85FD350673}.Ad-Hoc|Any CPU.Deploy.0 = Release|Any CPU
		{B914F549-DC26-4E86-B909-9F85FD350673}.Ad-Hoc|iPhone.ActiveCfg = Release|Any CPU
		{B914F549-DC26-4E86-B909-9F85FD350673}.Ad-Hoc|iPhone.Build.0 = Release|Any CPU
		{B914F549-DC26-4E86-B909-9F85FD350673}.Ad-Hoc|iPhone.Deploy.0 = Release|Any CPU
		{B914F549-DC26-4E86-B909-9F85FD350673}.Ad-Hoc|iPhoneSimulator.ActiveCfg = Release|Any CPU
		{B914F549-DC26-4E86-B909-9F85FD350673}.Ad-Hoc|iPhoneSimulator.Build.0 = Release|Any CPU
		{B914F549-DC26-4E86-B909-9F85FD350673}.Ad-Hoc|iPhoneSimulator.Deploy.0 = Release|Any CPU
		{B914F549-DC26-4E86-B909-9F85FD350673}.AppStore|Any CPU.ActiveCfg = Release|Any CPU
		{B914F549-DC26-4E86-B909-9F85FD350673}.AppStore|Any CPU.Build.0 = Release|Any CPU
		{B914F549-DC26-4E86-B909-9F85FD350673}.AppStore|Any CPU.Deploy.0 = Release|Any CPU
		{B914F549-DC26-4E86-B909-9F85FD350673}.AppStore|iPhone.ActiveCfg = Release|Any CPU
		{B914F549-DC26-4E86-B909-9F85FD350673}.AppStore|iPhone.Build.0 = Release|Any CPU
		{B914F549-DC26-4E86-B909-9F85FD350673}.AppStore|iPhone.Deploy.0 = Release|Any CPU
		{B914F549-DC26-4E86-B909-9F85FD350673}.AppStore|iPhoneSimulator.ActiveCfg = Release|Any CPU
		{B914F549-DC26-4E86-B909-9F85FD350673}.AppStore|iPhoneSimulator.Build.0 = Release|Any CPU
		{B914F549-DC26-4E86-B909-9F85FD350673}.AppStore|iPhoneSimulator.Deploy.0 = Release|Any CPU
		{B914F549-DC26-4E86-B909-9F85FD350673}.Debug|Any CPU.ActiveCfg = Debug|Any CPU
		{B914F549-DC26-4E86-B909-9F85FD350673}.Debug|Any CPU.Build.0 = Debug|Any CPU
		{B914F549-DC26-4E86-B909-9F85FD350673}.Debug|Any CPU.Deploy.0 = Debug|Any CPU
		{B914F549-DC26-4E86-B909-9F85FD350673}.Debug|iPhone.ActiveCfg = Debug|Any CPU
		{B914F549-DC26-4E86-B909-9F85FD350673}.Debug|iPhone.Build.0 = Debug|Any CPU
		{B914F549-DC26-4E86-B909-9F85FD350673}.Debug|iPhone.Deploy.0 = Debug|Any CPU
		{B914F549-DC26-4E86-B909-9F85FD350673}.Debug|iPhoneSimulator.ActiveCfg = Debug|Any CPU
		{B914F549-DC26-4E86-B909-9F85FD350673}.Debug|iPhoneSimulator.Build.0 = Debug|Any CPU
		{B914F549-DC26-4E86-B909-9F85FD350673}.Debug|iPhoneSimulator.Deploy.0 = Debug|Any CPU
		{B914F549-DC26-4E86-B909-9F85FD350673}.Release|Any CPU.ActiveCfg = Release|Any CPU
		{B914F549-DC26-4E86-B909-9F85FD350673}.Release|Any CPU.Build.0 = Release|Any CPU
		{B914F549-DC26-4E86-B909-9F85FD350673}.Release|Any CPU.Deploy.0 = Release|Any CPU
		{B914F549-DC26-4E86-B909-9F85FD350673}.Release|iPhone.ActiveCfg = Release|Any CPU
		{B914F549-DC26-4E86-B909-9F85FD350673}.Release|iPhone.Build.0 = Release|Any CPU
		{B914F549-DC26-4E86-B909-9F85FD350673}.Release|iPhone.Deploy.0 = Release|Any CPU
		{B914F549-DC26-4E86-B909-9F85FD350673}.Release|iPhoneSimulator.ActiveCfg = Release|Any CPU
		{B914F549-DC26-4E86-B909-9F85FD350673}.Release|iPhoneSimulator.Build.0 = Release|Any CPU
		{B914F549-DC26-4E86-B909-9F85FD350673}.Release|iPhoneSimulator.Deploy.0 = Release|Any CPU
		{D102519A-CDEE-4B1F-82A9-1E29F0A18E59}.Ad-Hoc|Any CPU.ActiveCfg = Ad-Hoc|iPhone
		{D102519A-CDEE-4B1F-82A9-1E29F0A18E59}.Ad-Hoc|Any CPU.Build.0 = Ad-Hoc|iPhone
		{D102519A-CDEE-4B1F-82A9-1E29F0A18E59}.Ad-Hoc|Any CPU.Deploy.0 = Ad-Hoc|iPhone
		{D102519A-CDEE-4B1F-82A9-1E29F0A18E59}.Ad-Hoc|iPhone.ActiveCfg = Ad-Hoc|iPhone
		{D102519A-CDEE-4B1F-82A9-1E29F0A18E59}.Ad-Hoc|iPhone.Build.0 = Ad-Hoc|iPhone
		{D102519A-CDEE-4B1F-82A9-1E29F0A18E59}.Ad-Hoc|iPhone.Deploy.0 = Ad-Hoc|iPhone
		{D102519A-CDEE-4B1F-82A9-1E29F0A18E59}.Ad-Hoc|iPhoneSimulator.ActiveCfg = Ad-Hoc|iPhoneSimulator
		{D102519A-CDEE-4B1F-82A9-1E29F0A18E59}.Ad-Hoc|iPhoneSimulator.Build.0 = Ad-Hoc|iPhoneSimulator
		{D102519A-CDEE-4B1F-82A9-1E29F0A18E59}.Ad-Hoc|iPhoneSimulator.Deploy.0 = Ad-Hoc|iPhoneSimulator
		{D102519A-CDEE-4B1F-82A9-1E29F0A18E59}.AppStore|Any CPU.ActiveCfg = AppStore|iPhone
		{D102519A-CDEE-4B1F-82A9-1E29F0A18E59}.AppStore|Any CPU.Build.0 = AppStore|iPhone
		{D102519A-CDEE-4B1F-82A9-1E29F0A18E59}.AppStore|Any CPU.Deploy.0 = AppStore|iPhone
		{D102519A-CDEE-4B1F-82A9-1E29F0A18E59}.AppStore|iPhone.ActiveCfg = AppStore|iPhone
		{D102519A-CDEE-4B1F-82A9-1E29F0A18E59}.AppStore|iPhone.Build.0 = AppStore|iPhone
		{D102519A-CDEE-4B1F-82A9-1E29F0A18E59}.AppStore|iPhone.Deploy.0 = AppStore|iPhone
		{D102519A-CDEE-4B1F-82A9-1E29F0A18E59}.AppStore|iPhoneSimulator.ActiveCfg = AppStore|iPhoneSimulator
		{D102519A-CDEE-4B1F-82A9-1E29F0A18E59}.AppStore|iPhoneSimulator.Build.0 = AppStore|iPhoneSimulator
		{D102519A-CDEE-4B1F-82A9-1E29F0A18E59}.AppStore|iPhoneSimulator.Deploy.0 = AppStore|iPhoneSimulator
		{D102519A-CDEE-4B1F-82A9-1E29F0A18E59}.Debug|Any CPU.ActiveCfg = Debug|iPhoneSimulator
		{D102519A-CDEE-4B1F-82A9-1E29F0A18E59}.Debug|Any CPU.Build.0 = Debug|iPhoneSimulator
		{D102519A-CDEE-4B1F-82A9-1E29F0A18E59}.Debug|Any CPU.Deploy.0 = Debug|iPhoneSimulator
		{D102519A-CDEE-4B1F-82A9-1E29F0A18E59}.Debug|iPhone.ActiveCfg = Debug|iPhone
		{D102519A-CDEE-4B1F-82A9-1E29F0A18E59}.Debug|iPhone.Build.0 = Debug|iPhone
		{D102519A-CDEE-4B1F-82A9-1E29F0A18E59}.Debug|iPhone.Deploy.0 = Debug|iPhone
		{D102519A-CDEE-4B1F-82A9-1E29F0A18E59}.Debug|iPhoneSimulator.ActiveCfg = Debug|iPhoneSimulator
		{D102519A-CDEE-4B1F-82A9-1E29F0A18E59}.Debug|iPhoneSimulator.Build.0 = Debug|iPhoneSimulator
		{D102519A-CDEE-4B1F-82A9-1E29F0A18E59}.Debug|iPhoneSimulator.Deploy.0 = Debug|iPhoneSimulator
		{D102519A-CDEE-4B1F-82A9-1E29F0A18E59}.Release|Any CPU.ActiveCfg = Release|iPhone
		{D102519A-CDEE-4B1F-82A9-1E29F0A18E59}.Release|Any CPU.Build.0 = Release|iPhone
		{D102519A-CDEE-4B1F-82A9-1E29F0A18E59}.Release|Any CPU.Deploy.0 = Release|iPhone
		{D102519A-CDEE-4B1F-82A9-1E29F0A18E59}.Release|iPhone.ActiveCfg = Release|iPhone
		{D102519A-CDEE-4B1F-82A9-1E29F0A18E59}.Release|iPhone.Build.0 = Release|iPhone
		{D102519A-CDEE-4B1F-82A9-1E29F0A18E59}.Release|iPhone.Deploy.0 = Release|iPhone
		{D102519A-CDEE-4B1F-82A9-1E29F0A18E59}.Release|iPhoneSimulator.ActiveCfg = Release|iPhoneSimulator
		{D102519A-CDEE-4B1F-82A9-1E29F0A18E59}.Release|iPhoneSimulator.Build.0 = Release|iPhoneSimulator
		{D102519A-CDEE-4B1F-82A9-1E29F0A18E59}.Release|iPhoneSimulator.Deploy.0 = Release|iPhoneSimulator
		{62787CBC-8D32-4FE1-8FCC-151BD0DC4DC4}.Ad-Hoc|Any CPU.ActiveCfg = Debug|Any CPU
		{62787CBC-8D32-4FE1-8FCC-151BD0DC4DC4}.Ad-Hoc|Any CPU.Build.0 = Debug|Any CPU
		{62787CBC-8D32-4FE1-8FCC-151BD0DC4DC4}.Ad-Hoc|Any CPU.Deploy.0 = Debug|Any CPU
		{62787CBC-8D32-4FE1-8FCC-151BD0DC4DC4}.Ad-Hoc|iPhone.ActiveCfg = Debug|Any CPU
		{62787CBC-8D32-4FE1-8FCC-151BD0DC4DC4}.Ad-Hoc|iPhone.Build.0 = Debug|Any CPU
		{62787CBC-8D32-4FE1-8FCC-151BD0DC4DC4}.Ad-Hoc|iPhone.Deploy.0 = Debug|Any CPU
		{62787CBC-8D32-4FE1-8FCC-151BD0DC4DC4}.Ad-Hoc|iPhoneSimulator.ActiveCfg = Debug|Any CPU
		{62787CBC-8D32-4FE1-8FCC-151BD0DC4DC4}.Ad-Hoc|iPhoneSimulator.Build.0 = Debug|Any CPU
		{62787CBC-8D32-4FE1-8FCC-151BD0DC4DC4}.Ad-Hoc|iPhoneSimulator.Deploy.0 = Debug|Any CPU
		{62787CBC-8D32-4FE1-8FCC-151BD0DC4DC4}.AppStore|Any CPU.ActiveCfg = Debug|Any CPU
		{62787CBC-8D32-4FE1-8FCC-151BD0DC4DC4}.AppStore|Any CPU.Build.0 = Debug|Any CPU
		{62787CBC-8D32-4FE1-8FCC-151BD0DC4DC4}.AppStore|Any CPU.Deploy.0 = Debug|Any CPU
		{62787CBC-8D32-4FE1-8FCC-151BD0DC4DC4}.AppStore|iPhone.ActiveCfg = Debug|Any CPU
		{62787CBC-8D32-4FE1-8FCC-151BD0DC4DC4}.AppStore|iPhone.Build.0 = Debug|Any CPU
		{62787CBC-8D32-4FE1-8FCC-151BD0DC4DC4}.AppStore|iPhone.Deploy.0 = Debug|Any CPU
		{62787CBC-8D32-4FE1-8FCC-151BD0DC4DC4}.AppStore|iPhoneSimulator.ActiveCfg = Debug|Any CPU
		{62787CBC-8D32-4FE1-8FCC-151BD0DC4DC4}.AppStore|iPhoneSimulator.Build.0 = Debug|Any CPU
		{62787CBC-8D32-4FE1-8FCC-151BD0DC4DC4}.AppStore|iPhoneSimulator.Deploy.0 = Debug|Any CPU
		{62787CBC-8D32-4FE1-8FCC-151BD0DC4DC4}.Debug|Any CPU.ActiveCfg = Debug|Any CPU
		{62787CBC-8D32-4FE1-8FCC-151BD0DC4DC4}.Debug|Any CPU.Build.0 = Debug|Any CPU
		{62787CBC-8D32-4FE1-8FCC-151BD0DC4DC4}.Debug|Any CPU.Deploy.0 = Debug|Any CPU
		{62787CBC-8D32-4FE1-8FCC-151BD0DC4DC4}.Debug|iPhone.ActiveCfg = Debug|Any CPU
		{62787CBC-8D32-4FE1-8FCC-151BD0DC4DC4}.Debug|iPhone.Build.0 = Debug|Any CPU
		{62787CBC-8D32-4FE1-8FCC-151BD0DC4DC4}.Debug|iPhone.Deploy.0 = Debug|Any CPU
		{62787CBC-8D32-4FE1-8FCC-151BD0DC4DC4}.Debug|iPhoneSimulator.ActiveCfg = Debug|Any CPU
		{62787CBC-8D32-4FE1-8FCC-151BD0DC4DC4}.Debug|iPhoneSimulator.Build.0 = Debug|Any CPU
		{62787CBC-8D32-4FE1-8FCC-151BD0DC4DC4}.Debug|iPhoneSimulator.Deploy.0 = Debug|Any CPU
		{62787CBC-8D32-4FE1-8FCC-151BD0DC4DC4}.Release|Any CPU.ActiveCfg = Release|Any CPU
		{62787CBC-8D32-4FE1-8FCC-151BD0DC4DC4}.Release|Any CPU.Build.0 = Release|Any CPU
		{62787CBC-8D32-4FE1-8FCC-151BD0DC4DC4}.Release|Any CPU.Deploy.0 = Release|Any CPU
		{62787CBC-8D32-4FE1-8FCC-151BD0DC4DC4}.Release|iPhone.ActiveCfg = Release|Any CPU
		{62787CBC-8D32-4FE1-8FCC-151BD0DC4DC4}.Release|iPhone.Build.0 = Release|Any CPU
		{62787CBC-8D32-4FE1-8FCC-151BD0DC4DC4}.Release|iPhone.Deploy.0 = Release|Any CPU
		{62787CBC-8D32-4FE1-8FCC-151BD0DC4DC4}.Release|iPhoneSimulator.ActiveCfg = Release|Any CPU
		{62787CBC-8D32-4FE1-8FCC-151BD0DC4DC4}.Release|iPhoneSimulator.Build.0 = Release|Any CPU
		{62787CBC-8D32-4FE1-8FCC-151BD0DC4DC4}.Release|iPhoneSimulator.Deploy.0 = Release|Any CPU
		{8E4D4BA8-1A30-43D9-9950-EF6DF3CB7D82}.Ad-Hoc|Any CPU.ActiveCfg = Release|Any CPU
		{8E4D4BA8-1A30-43D9-9950-EF6DF3CB7D82}.Ad-Hoc|Any CPU.Build.0 = Release|Any CPU
		{8E4D4BA8-1A30-43D9-9950-EF6DF3CB7D82}.Ad-Hoc|iPhone.ActiveCfg = Release|Any CPU
		{8E4D4BA8-1A30-43D9-9950-EF6DF3CB7D82}.Ad-Hoc|iPhone.Build.0 = Release|Any CPU
		{8E4D4BA8-1A30-43D9-9950-EF6DF3CB7D82}.Ad-Hoc|iPhoneSimulator.ActiveCfg = Release|Any CPU
		{8E4D4BA8-1A30-43D9-9950-EF6DF3CB7D82}.Ad-Hoc|iPhoneSimulator.Build.0 = Release|Any CPU
		{8E4D4BA8-1A30-43D9-9950-EF6DF3CB7D82}.AppStore|Any CPU.ActiveCfg = Release|Any CPU
		{8E4D4BA8-1A30-43D9-9950-EF6DF3CB7D82}.AppStore|Any CPU.Build.0 = Release|Any CPU
		{8E4D4BA8-1A30-43D9-9950-EF6DF3CB7D82}.AppStore|iPhone.ActiveCfg = Release|Any CPU
		{8E4D4BA8-1A30-43D9-9950-EF6DF3CB7D82}.AppStore|iPhone.Build.0 = Release|Any CPU
		{8E4D4BA8-1A30-43D9-9950-EF6DF3CB7D82}.AppStore|iPhoneSimulator.ActiveCfg = Release|Any CPU
		{8E4D4BA8-1A30-43D9-9950-EF6DF3CB7D82}.AppStore|iPhoneSimulator.Build.0 = Release|Any CPU
		{8E4D4BA8-1A30-43D9-9950-EF6DF3CB7D82}.Debug|Any CPU.ActiveCfg = Debug|Any CPU
		{8E4D4BA8-1A30-43D9-9950-EF6DF3CB7D82}.Debug|Any CPU.Build.0 = Debug|Any CPU
		{8E4D4BA8-1A30-43D9-9950-EF6DF3CB7D82}.Debug|iPhone.ActiveCfg = Debug|Any CPU
		{8E4D4BA8-1A30-43D9-9950-EF6DF3CB7D82}.Debug|iPhone.Build.0 = Debug|Any CPU
		{8E4D4BA8-1A30-43D9-9950-EF6DF3CB7D82}.Debug|iPhoneSimulator.ActiveCfg = Debug|Any CPU
		{8E4D4BA8-1A30-43D9-9950-EF6DF3CB7D82}.Debug|iPhoneSimulator.Build.0 = Debug|Any CPU
		{8E4D4BA8-1A30-43D9-9950-EF6DF3CB7D82}.Release|Any CPU.ActiveCfg = Release|Any CPU
		{8E4D4BA8-1A30-43D9-9950-EF6DF3CB7D82}.Release|Any CPU.Build.0 = Release|Any CPU
		{8E4D4BA8-1A30-43D9-9950-EF6DF3CB7D82}.Release|iPhone.ActiveCfg = Release|Any CPU
		{8E4D4BA8-1A30-43D9-9950-EF6DF3CB7D82}.Release|iPhone.Build.0 = Release|Any CPU
		{8E4D4BA8-1A30-43D9-9950-EF6DF3CB7D82}.Release|iPhoneSimulator.ActiveCfg = Release|Any CPU
		{8E4D4BA8-1A30-43D9-9950-EF6DF3CB7D82}.Release|iPhoneSimulator.Build.0 = Release|Any CPU
		{3881B0DC-F53C-4389-9835-974CB7101556}.Ad-Hoc|Any CPU.ActiveCfg = Release|Any CPU
		{3881B0DC-F53C-4389-9835-974CB7101556}.Ad-Hoc|Any CPU.Build.0 = Release|Any CPU
		{3881B0DC-F53C-4389-9835-974CB7101556}.Ad-Hoc|iPhone.ActiveCfg = Release|Any CPU
		{3881B0DC-F53C-4389-9835-974CB7101556}.Ad-Hoc|iPhone.Build.0 = Release|Any CPU
		{3881B0DC-F53C-4389-9835-974CB7101556}.Ad-Hoc|iPhoneSimulator.ActiveCfg = Release|Any CPU
		{3881B0DC-F53C-4389-9835-974CB7101556}.Ad-Hoc|iPhoneSimulator.Build.0 = Release|Any CPU
		{3881B0DC-F53C-4389-9835-974CB7101556}.AppStore|Any CPU.ActiveCfg = Release|Any CPU
		{3881B0DC-F53C-4389-9835-974CB7101556}.AppStore|Any CPU.Build.0 = Release|Any CPU
		{3881B0DC-F53C-4389-9835-974CB7101556}.AppStore|iPhone.ActiveCfg = Release|Any CPU
		{3881B0DC-F53C-4389-9835-974CB7101556}.AppStore|iPhone.Build.0 = Release|Any CPU
		{3881B0DC-F53C-4389-9835-974CB7101556}.AppStore|iPhoneSimulator.ActiveCfg = Release|Any CPU
		{3881B0DC-F53C-4389-9835-974CB7101556}.AppStore|iPhoneSimulator.Build.0 = Release|Any CPU
		{3881B0DC-F53C-4389-9835-974CB7101556}.Debug|Any CPU.ActiveCfg = Debug|Any CPU
		{3881B0DC-F53C-4389-9835-974CB7101556}.Debug|Any CPU.Build.0 = Debug|Any CPU
		{3881B0DC-F53C-4389-9835-974CB7101556}.Debug|iPhone.ActiveCfg = Debug|Any CPU
		{3881B0DC-F53C-4389-9835-974CB7101556}.Debug|iPhone.Build.0 = Debug|Any CPU
		{3881B0DC-F53C-4389-9835-974CB7101556}.Debug|iPhoneSimulator.ActiveCfg = Debug|Any CPU
		{3881B0DC-F53C-4389-9835-974CB7101556}.Debug|iPhoneSimulator.Build.0 = Debug|Any CPU
		{3881B0DC-F53C-4389-9835-974CB7101556}.Release|Any CPU.ActiveCfg = Release|Any CPU
		{3881B0DC-F53C-4389-9835-974CB7101556}.Release|Any CPU.Build.0 = Release|Any CPU
		{3881B0DC-F53C-4389-9835-974CB7101556}.Release|iPhone.ActiveCfg = Release|Any CPU
		{3881B0DC-F53C-4389-9835-974CB7101556}.Release|iPhone.Build.0 = Release|Any CPU
		{3881B0DC-F53C-4389-9835-974CB7101556}.Release|iPhoneSimulator.ActiveCfg = Release|Any CPU
		{3881B0DC-F53C-4389-9835-974CB7101556}.Release|iPhoneSimulator.Build.0 = Release|Any CPU
		{B1D28FA3-0EC8-48B1-9F66-62A9939317F4}.Ad-Hoc|Any CPU.ActiveCfg = Release|Any CPU
		{B1D28FA3-0EC8-48B1-9F66-62A9939317F4}.Ad-Hoc|Any CPU.Build.0 = Release|Any CPU
		{B1D28FA3-0EC8-48B1-9F66-62A9939317F4}.Ad-Hoc|iPhone.ActiveCfg = Release|Any CPU
		{B1D28FA3-0EC8-48B1-9F66-62A9939317F4}.Ad-Hoc|iPhone.Build.0 = Release|Any CPU
		{B1D28FA3-0EC8-48B1-9F66-62A9939317F4}.Ad-Hoc|iPhoneSimulator.ActiveCfg = Release|Any CPU
		{B1D28FA3-0EC8-48B1-9F66-62A9939317F4}.Ad-Hoc|iPhoneSimulator.Build.0 = Release|Any CPU
		{B1D28FA3-0EC8-48B1-9F66-62A9939317F4}.AppStore|Any CPU.ActiveCfg = Release|Any CPU
		{B1D28FA3-0EC8-48B1-9F66-62A9939317F4}.AppStore|Any CPU.Build.0 = Release|Any CPU
		{B1D28FA3-0EC8-48B1-9F66-62A9939317F4}.AppStore|iPhone.ActiveCfg = Release|Any CPU
		{B1D28FA3-0EC8-48B1-9F66-62A9939317F4}.AppStore|iPhone.Build.0 = Release|Any CPU
		{B1D28FA3-0EC8-48B1-9F66-62A9939317F4}.AppStore|iPhoneSimulator.ActiveCfg = Release|Any CPU
		{B1D28FA3-0EC8-48B1-9F66-62A9939317F4}.AppStore|iPhoneSimulator.Build.0 = Release|Any CPU
		{B1D28FA3-0EC8-48B1-9F66-62A9939317F4}.Debug|Any CPU.ActiveCfg = Debug|Any CPU
		{B1D28FA3-0EC8-48B1-9F66-62A9939317F4}.Debug|Any CPU.Build.0 = Debug|Any CPU
		{B1D28FA3-0EC8-48B1-9F66-62A9939317F4}.Debug|iPhone.ActiveCfg = Debug|Any CPU
		{B1D28FA3-0EC8-48B1-9F66-62A9939317F4}.Debug|iPhone.Build.0 = Debug|Any CPU
		{B1D28FA3-0EC8-48B1-9F66-62A9939317F4}.Debug|iPhoneSimulator.ActiveCfg = Debug|Any CPU
		{B1D28FA3-0EC8-48B1-9F66-62A9939317F4}.Debug|iPhoneSimulator.Build.0 = Debug|Any CPU
		{B1D28FA3-0EC8-48B1-9F66-62A9939317F4}.Release|Any CPU.ActiveCfg = Release|Any CPU
		{B1D28FA3-0EC8-48B1-9F66-62A9939317F4}.Release|Any CPU.Build.0 = Release|Any CPU
		{B1D28FA3-0EC8-48B1-9F66-62A9939317F4}.Release|iPhone.ActiveCfg = Release|Any CPU
		{B1D28FA3-0EC8-48B1-9F66-62A9939317F4}.Release|iPhone.Build.0 = Release|Any CPU
		{B1D28FA3-0EC8-48B1-9F66-62A9939317F4}.Release|iPhoneSimulator.ActiveCfg = Release|Any CPU
		{B1D28FA3-0EC8-48B1-9F66-62A9939317F4}.Release|iPhoneSimulator.Build.0 = Release|Any CPU
	EndGlobalSection
	GlobalSection(SolutionProperties) = preSolution
		HideSolutionNode = FALSE
	EndGlobalSection
	GlobalSection(ExtensibilityGlobals) = postSolution
		SolutionGuid = {D62210F2-8C72-47C8-8223-F058D9CDC780}
	EndGlobalSection
EndGlobal
